PODS:
  - BigInt (5.2.0)
  - CryptoSwift (1.4.2)
  - IrohaCrypto/BIP39 (0.8.2):
    - IrohaCrypto/Common
  - IrohaCrypto/blake2 (0.8.2)
  - IrohaCrypto/Common (0.8.2)
  - IrohaCrypto/ed25519 (0.8.2):
    - IrohaCrypto/Common
  - IrohaCrypto/Scrypt (0.8.2):
    - IrohaCrypto/Common
    - scrypt.c (~> 0.1)
  - IrohaCrypto/secp256k1 (0.8.2):
    - IrohaCrypto/Common
    - secp256k1.c (~> 0.1)
  - IrohaCrypto/sr25519 (0.8.2):
    - IrohaCrypto/BIP39
    - IrohaCrypto/blake2
    - IrohaCrypto/Common
  - IrohaCrypto/ss58 (0.8.2):
    - IrohaCrypto/blake2
    - IrohaCrypto/Common
  - scrypt.c (0.1.1)
  - secp256k1.c (0.1.2)
  - xxHash-Swift (1.0.13)

DEPENDENCIES:
  - BigInt (~> 5.0)
  - CryptoSwift
  - IrohaCrypto/ed25519 (~> 0.8.0)
  - IrohaCrypto/Scrypt (~> 0.8.0)
  - IrohaCrypto/secp256k1 (~> 0.8.0)
  - IrohaCrypto/sr25519 (~> 0.8.0)
  - IrohaCrypto/ss58 (~> 0.8.0)
  - xxHash-Swift (~> 1.0.0)

SPEC REPOS:
  trunk:
    - BigInt
    - CryptoSwift
    - IrohaCrypto
    - scrypt.c
    - secp256k1.c
    - xxHash-Swift

SPEC CHECKSUMS:
  BigInt: f668a80089607f521586bbe29513d708491ef2f7
  CryptoSwift: a532e74ed010f8c95f611d00b8bbae42e9fe7c17
  IrohaCrypto: 2b7585e71eff4fbd7e7adc2d592ad5c22610524b
  scrypt.c: b42ae06183251329d2b2c620c226fb541a4a3592
  secp256k1.c: db47b726585d80f027423682eb369729e61b3b20
  xxHash-Swift: 30bd6a7507b3b7348a277c49b1cb6346c2905ec7

PODFILE CHECKSUM: acc49a09452b2ea5c9a704a4d2bfc835d7d074fc

COCOAPODS: 1.10.2
